// !$*UTF8*$!
{
	archiveVersion = 1;
	classes = {
	};
	objectVersion = 46;
	objects = {

/* Begin PBXBuildFile section */
		91960D561C197B6900E56652 /* main.m in Sources */ = {isa = PBXBuildFile; fileRef = 91960D551C197B6900E56652 /* main.m */; };
		91960D591C197B6900E56652 /* AppDelegate.m in Sources */ = {isa = PBXBuildFile; fileRef = 91960D581C197B6900E56652 /* AppDelegate.m */; };
		91960D5C1C197B6900E56652 /* WebViewController.m in Sources */ = {isa = PBXBuildFile; fileRef = 91960D5B1C197B6900E56652 /* WebViewController.m */; };
		91960D5F1C197B6900E56652 /* Main.storyboard in Resources */ = {isa = PBXBuildFile; fileRef = 91960D5D1C197B6900E56652 /* Main.storyboard */; };
		91960D611C197B6900E56652 /* Assets.xcassets in Resources */ = {isa = PBXBuildFile; fileRef = 91960D601C197B6900E56652 /* Assets.xcassets */; };
		91960D6D1C197C1C00E56652 /* Default-568h@2x.png in Resources */ = {isa = PBXBuildFile; fileRef = 91960D6C1C197C1C00E56652 /* Default-568h@2x.png */; };
/* End PBXBuildFile section */

/* Begin PBXFileReference section */
		91960D511C197B6900E56652 /* Generic Wrapper.app */ = {isa = PBXFileReference; explicitFileType = wrapper.application; includeInIndex = 0; path = "Generic Wrapper.app"; sourceTree = BUILT_PRODUCTS_DIR; };
		91960D551C197B6900E56652 /* main.m */ = {isa = PBXFileReference; lastKnownFileType = sourcecode.c.objc; path = main.m; sourceTree = "<group>"; };
		91960D571C197B6900E56652 /* AppDelegate.h */ = {isa = PBXFileReference; lastKnownFileType = sourcecode.c.h; path = AppDelegate.h; sourceTree = "<group>"; };
		91960D581C197B6900E56652 /* AppDelegate.m */ = {isa = PBXFileReference; lastKnownFileType = sourcecode.c.objc; path = AppDelegate.m; sourceTree = "<group>"; };
		91960D5A1C197B6900E56652 /* WebViewController.h */ = {isa = PBXFileReference; lastKnownFileType = sourcecode.c.h; path = WebViewController.h; sourceTree = "<group>"; };
		91960D5B1C197B6900E56652 /* WebViewController.m */ = {isa = PBXFileReference; lastKnownFileType = sourcecode.c.objc; path = WebViewController.m; sourceTree = "<group>"; };
		91960D5E1C197B6900E56652 /* Base */ = {isa = PBXFileReference; lastKnownFileType = file.storyboard; name = Base; path = Base.lproj/Main.storyboard; sourceTree = "<group>"; };
		91960D601C197B6900E56652 /* Assets.xcassets */ = {isa = PBXFileReference; lastKnownFileType = folder.assetcatalog; path = Assets.xcassets; sourceTree = "<group>"; };
		91960D651C197B6900E56652 /* Info.plist */ = {isa = PBXFileReference; lastKnownFileType = text.plist.xml; path = Info.plist; sourceTree = "<group>"; };
		91960D6C1C197C1C00E56652 /* Default-568h@2x.png */ = {isa = PBXFileReference; lastKnownFileType = image.png; name = "Default-568h@2x.png"; path = "../Default-568h@2x.png"; sourceTree = "<group>"; };
/* End PBXFileReference section */

/* Begin PBXFrameworksBuildPhase section */
		91960D4E1C197B6900E56652 /* Frameworks */ = {
			isa = PBXFrameworksBuildPhase;
			buildActionMask = 2147483647;
			files = (
			);
			runOnlyForDeploymentPostprocessing = 0;
		};
/* End PBXFrameworksBuildPhase section */

/* Begin PBXGroup section */
		91960D481C197B6900E56652 = {
			isa = PBXGroup;
			children = (
				91960D531C197B6900E56652 /* Generic Wrapper */,
				91960D521C197B6900E56652 /* Products */,
			);
			sourceTree = "<group>";
		};
		91960D521C197B6900E56652 /* Products */ = {
			isa = PBXGroup;
			children = (
				91960D511C197B6900E56652 /* Generic Wrapper.app */,
			);
			name = Products;
			sourceTree = "<group>";
		};
		91960D531C197B6900E56652 /* Generic Wrapper */ = {
			isa = PBXGroup;
			children = (
				91960D5A1C197B6900E56652 /* WebViewController.h */,
				91960D5B1C197B6900E56652 /* WebViewController.m */,
				91960D6B1C197BDD00E56652 /* iOS Assets */,
				91960D541C197B6900E56652 /* Supporting Files */,
			);
			path = "Generic Wrapper";
			sourceTree = "<group>";
		};
		91960D541C197B6900E56652 /* Supporting Files */ = {
			isa = PBXGroup;
			children = (
				91960D551C197B6900E56652 /* main.m */,
			);
			name = "Supporting Files";
			sourceTree = "<group>";
		};
		91960D6B1C197BDD00E56652 /* iOS Assets */ = {
			isa = PBXGroup;
			children = (
				91960D6C1C197C1C00E56652 /* Default-568h@2x.png */,
				91960D571C197B6900E56652 /* AppDelegate.h */,
				91960D581C197B6900E56652 /* AppDelegate.m */,
				91960D5D1C197B6900E56652 /* Main.storyboard */,
				91960D601C197B6900E56652 /* Assets.xcassets */,
				91960D651C197B6900E56652 /* Info.plist */,
			);
			name = "iOS Assets";
			sourceTree = "<group>";
		};
/* End PBXGroup section */

/* Begin PBXNativeTarget section */
		91960D501C197B6900E56652 /* Generic Wrapper */ = {
			isa = PBXNativeTarget;
			buildConfigurationList = 91960D681C197B6900E56652 /* Build configuration list for PBXNativeTarget "Generic Wrapper" */;
			buildPhases = (
				91960D4D1C197B6900E56652 /* Sources */,
				91960D4E1C197B6900E56652 /* Frameworks */,
				91960D4F1C197B6900E56652 /* Resources */,
			);
			buildRules = (
			);
			dependencies = (
			);
			name = "Generic Wrapper";
			productName = "Generic Wrapper";
			productReference = 91960D511C197B6900E56652 /* Generic Wrapper.app */;
			productType = "com.apple.product-type.application";
		};
/* End PBXNativeTarget section */

/* Begin PBXProject section */
		91960D491C197B6900E56652 /* Project object */ = {
			isa = PBXProject;
			attributes = {
				LastUpgradeCheck = 0710;
				ORGANIZATIONNAME = "bigdog agency";
				TargetAttributes = {
					91960D501C197B6900E56652 = {
						CreatedOnToolsVersion = 7.1.1;
					};
				};
			};
			buildConfigurationList = 91960D4C1C197B6900E56652 /* Build configuration list for PBXProject "Generic Wrapper" */;
			compatibilityVersion = "Xcode 3.2";
			developmentRegion = English;
			hasScannedForEncodings = 0;
			knownRegions = (
				en,
				Base,
			);
			mainGroup = 91960D481C197B6900E56652;
			productRefGroup = 91960D521C197B6900E56652 /* Products */;
			projectDirPath = "";
			projectRoot = "";
			targets = (
				91960D501C197B6900E56652 /* Generic Wrapper */,
			);
		};
/* End PBXProject section */

/* Begin PBXResourcesBuildPhase section */
		91960D4F1C197B6900E56652 /* Resources */ = {
			isa = PBXResourcesBuildPhase;
			buildActionMask = 2147483647;
			files = (
				91960D611C197B6900E56652 /* Assets.xcassets in Resources */,
				91960D5F1C197B6900E56652 /* Main.storyboard in Resources */,
				91960D6D1C197C1C00E56652 /* Default-568h@2x.png in Resources */,
			);
			runOnlyForDeploymentPostprocessing = 0;
		};
/* End PBXResourcesBuildPhase section */

/* Begin PBXSourcesBuildPhase section */
		91960D4D1C197B6900E56652 /* Sources */ = {
			isa = PBXSourcesBuildPhase;
			buildActionMask = 2147483647;
			files = (
				91960D5C1C197B6900E56652 /* WebViewController.m in Sources */,
				91960D591C197B6900E56652 /* AppDelegate.m in Sources */,
				91960D561C197B6900E56652 /* main.m in Sources */,
			);
			runOnlyForDeploymentPostprocessing = 0;
		};
/* End PBXSourcesBuildPhase section */

/* Begin PBXVariantGroup section */
		91960D5D1C197B6900E56652 /* Main.storyboard */ = {
			isa = PBXVariantGroup;
			children = (
				91960D5E1C197B6900E56652 /* Base */,
			);
			name = Main.storyboard;
			sourceTree = "<group>";
		};
/* End PBXVariantGroup section */

/* Begin XCBuildConfiguration section */
		91960D661C197B6900E56652 /* Debug */ = {
			isa = XCBuildConfiguration;
			buildSettings = {
				ALWAYS_SEARCH_USER_PATHS = NO;
				CLANG_CXX_LANGUAGE_STANDARD = "gnu++0x";
				CLANG_CXX_LIBRARY = "libc++";
				CLANG_ENABLE_MODULES = YES;
				CLANG_ENABLE_OBJC_ARC = YES;
				CLANG_WARN_BOOL_CONVERSION = YES;
				CLANG_WARN_CONSTANT_CONVERSION = YES;
				CLANG_WARN_DIRECT_OBJC_ISA_USAGE = YES_ERROR;
				CLANG_WARN_EMPTY_BODY = YES;
				CLANG_WARN_ENUM_CONVERSION = YES;
				CLANG_WARN_INT_CONVERSION = YES;
				CLANG_WARN_OBJC_ROOT_CLASS = YES_ERROR;
				CLANG_WARN_UNREACHABLE_CODE = YES;
				CLANG_WARN__DUPLICATE_METHOD_MATCH = YES;
				"CODE_SIGN_IDENTITY[sdk=iphoneos*]" = "iPhone Developer";
				COPY_PHASE_STRIP = NO;
				DEBUG_INFORMATION_FORMAT = dwarf;
				ENABLE_STRICT_OBJC_MSGSEND = YES;
				ENABLE_TESTABILITY = YES;
				GCC_C_LANGUAGE_STANDARD = gnu99;
				GCC_DYNAMIC_NO_PIC = NO;
				GCC_NO_COMMON_BLOCKS = YES;
				GCC_OPTIMIZATION_LEVEL = 0;
				GCC_PREPROCESSOR_DEFINITIONS = (
					"DEBUG=1",
					"$(inherited)",
				);
				GCC_WARN_64_TO_32_BIT_CONVERSION = YES;
				GCC_WARN_ABOUT_RETURN_TYPE = YES_ERROR;
				GCC_WARN_UNDECLARED_SELECTOR = YES;
				GCC_WARN_UNINITIALIZED_AUTOS = YES_AGGRESSIVE;
				GCC_WARN_UNUSED_FUNCTION = YES;
				GCC_WARN_UNUSED_VARIABLE = YES;
				IPHONEOS_DEPLOYMENT_TARGET = 9.1;
				MTL_ENABLE_DEBUG_INFO = YES;
				ONLY_ACTIVE_ARCH = YES;
				SDKROOT = iphoneos;
			};
			name = Debug;
		};
		91960D671C197B6900E56652 /* Release */ = {
			isa = XCBuildConfiguration;
			buildSettings = {
				ALWAYS_SEARCH_USER_PATHS = NO;
				CLANG_CXX_LANGUAGE_STANDARD = "gnu++0x";
				CLANG_CXX_LIBRARY = "libc++";
				CLANG_ENABLE_MODULES = YES;
				CLANG_ENABLE_OBJC_ARC = YES;
				CLANG_WARN_BOOL_CONVERSION = YES;
				CLANG_WARN_CONSTANT_CONVERSION = YES;
				CLANG_WARN_DIRECT_OBJC_ISA_USAGE = YES_ERROR;
				CLANG_WARN_EMPTY_BODY = YES;
				CLANG_WARN_ENUM_CONVERSION = YES;
				CLANG_WARN_INT_CONVERSION = YES;
				CLANG_WARN_OBJC_ROOT_CLASS = YES_ERROR;
				CLANG_WARN_UNREACHABLE_CODE = YES;
				CLANG_WARN__DUPLICATE_METHOD_MATCH = YES;
				"CODE_SIGN_IDENTITY[sdk=iphoneos*]" = "iPhone Developer";
				COPY_PHASE_STRIP = NO;
				DEBUG_INFORMATION_FORMAT = "dwarf-with-dsym";
				ENABLE_NS_ASSERTIONS = NO;
				ENABLE_STRICT_OBJC_MSGSEND = YES;
				GCC_C_LANGUAGE_STANDARD = gnu99;
				GCC_NO_COMMON_BLOCKS = YES;
				GCC_WARN_64_TO_32_BIT_CONVERSION = YES;
				GCC_WARN_ABOUT_RETURN_TYPE = YES_ERROR;
				GCC_WARN_UNDECLARED_SELECTOR = YES;
				GCC_WARN_UNINITIALIZED_AUTOS = YES_AGGRESSIVE;
				GCC_WARN_UNUSED_FUNCTION = YES;
				GCC_WARN_UNUSED_VARIABLE = YES;
				IPHONEOS_DEPLOYMENT_TARGET = 9.1;
				MTL_ENABLE_DEBUG_INFO = NO;
				SDKROOT = iphoneos;
				VALIDATE_PRODUCT = YES;
			};
			name = Release;
		};
		91960D691C197B6900E56652 /* Debug */ = {
			isa = XCBuildConfiguration;
			buildSettings = {
				ASSETCATALOG_COMPILER_APPICON_NAME = AppIcon;
				INFOPLIST_FILE = "Generic Wrapper/Info.plist";
				IPHONEOS_DEPLOYMENT_TARGET = 6.0;
				LD_RUNPATH_SEARCH_PATHS = "$(inherited) @executable_path/Frameworks";
				PRODUCT_BUNDLE_IDENTIFIER = "com.bigdogagency.Generic-Wrapper";
				PRODUCT_NAME = "$(TARGET_NAME)";
				TARGETED_DEVICE_FAMILY = "1,2";
			};
			name = Debug;
		};
		91960D6A1C197B6900E56652 /* Release */ = {
			isa = XCBuildConfiguration;
			buildSettings = {
				ASSETCATALOG_COMPILER_APPICON_NAME = AppIcon;
				INFOPLIST_FILE = "Generic Wrapper/Info.plist";
				IPHONEOS_DEPLOYMENT_TARGET = 6.0;
				LD_RUNPATH_SEARCH_PATHS = "$(inherited) @executable_path/Frameworks";
				PRODUCT_BUNDLE_IDENTIFIER = "com.bigdogagency.Generic-Wrapper";
				PRODUCT_NAME = "$(TARGET_NAME)";
				TARGETED_DEVICE_FAMILY = "1,2";
			};
			name = Release;
		};
/* End XCBuildConfiguration section */

/* Begin XCConfigurationList section */
		91960D4C1C197B6900E56652 /* Build configuration list for PBXProject "Generic Wrapper" */ = {
			isa = XCConfigurationList;
			buildConfigurations = (
				91960D661C197B6900E56652 /* Debug */,
				91960D671C197B6900E56652 /* Release */,
			);
			defaultConfigurationIsVisible = 0;
			defaultConfigurationName = Release;
		};
		91960D681C197B6900E56652 /* Build configuration list for PBXNativeTarget "Generic Wrapper" */ = {
			isa = XCConfigurationList;
			buildConfigurations = (
				91960D691C197B6900E56652 /* Debug */,
				91960D6A1C197B6900E56652 /* Release */,
			);
			defaultConfigurationIsVisible = 0;
		};
/* End XCConfigurationList section */
	};
	rootObject = 91960D491C197B6900E56652 /* Project object */;
}
